# DO NOT EDIT MANUALLY - Managed by Fern Replay
version: "1.0"
generations:
  - commit_sha: 1ec7bcacab8cd653640f40d6b500abc326278e8a
    tree_hash: c6b91f2992de13a98b2736510f37e269be690ba2
    timestamp: 2026-08-25T02:17:35.225Z
    cli_version: unknown
    generator_versions: {}
current_generation: 1ec7bcacab8cd653640f40d6b500abc326278e8a
patches: []
