# DO NOT EDIT MANUALLY - Managed by Fern Replay
version: "1.0"
generations:
  - commit_sha: 1ec7bcacab8cd653640f40d6b500abc326278e8a
    tree_hash: c6b91f2992de13a98b2736510f37e269be690ba2
    timestamp: 2026-08-25T02:17:35.225Z
    cli_version: unknown
    generator_versions: {}
  - commit_sha: ad09b9b50718bb56c5a7cd73d6e79950e47a930a
    tree_hash: 1d2a8f1dbaa9aecc8464af86ec0f99cb4c711c83
    timestamp: 2026-08-25T02:17:35.800Z
    cli_version: unknown
    generator_versions:
      fernapi/fern-rust-sdk: 0.46.0
  - commit_sha: 4317b21b5e9af2b936ae81d7422d4d605433ff62
    tree_hash: e56d4a18fee7c49f220bcfb4615595b046f62dee
    timestamp: 2026-08-25T06:36:18.752Z
    cli_version: unknown
    generator_versions:
      fernapi/fern-rust-sdk: 0.46.0
  - commit_sha: 62846f1615c4486e140dd81ff0e85cbc470fb49a
    tree_hash: 9028e1a8e515c274df405d05e7aa4119d3f5ceda
    timestamp: 2026-08-25T18:46:29.975Z
    cli_version: unknown
    generator_versions:
      fernapi/fern-rust-sdk: 0.46.0
  - commit_sha: 95fb3ef06222c01ae825c11a9f89ea96cea402ac
    tree_hash: 0afe4affbcf55c7de41011b166468288ff1cdfd9
    timestamp: 2026-08-25T22:50:52.353Z
    cli_version: unknown
    generator_versions:
      fernapi/fern-rust-sdk: 0.46.0
  - commit_sha: 44529cd13d67d113685a5b1f94b13fc85c6e56c2
    tree_hash: 8870ce4212f46b043c404ddc0992f00ae8b1874e
    timestamp: 2026-08-26T04:06:06.823Z
    cli_version: unknown
    generator_versions:
      fernapi/fern-rust-sdk: 0.46.0
  - commit_sha: 4695411fc3a6123de1b1f09a2bfb5b4a4838aa4d
    tree_hash: 85181b3ff6607f44c572c473da35506067782b5c
    timestamp: 2026-08-27T20:12:48.715Z
    cli_version: unknown
    generator_versions:
      fernapi/fern-rust-sdk: 0.46.0
current_generation: 4695411fc3a6123de1b1f09a2bfb5b4a4838aa4d
patches: []
